{
  "name": "@yurei-so/research-tools",
  "version": "0.1.0",
  "lockfileVersion": 3,
  "requires": true,
  "packages": {
    "": {
      "name": "@yurei-so/research-tools",
      "version": "0.1.0",
      "license": "AGPL-3.0-only",
      "bin": {
        "research-tools": "bin/research-tools.mjs"
      },
      "engines": {
        "node": ">=22"
      }
    }
  }
}
